// !$*UTF8*$!
{
	archiveVersion = 1;
	classes = {
	};
	objectVersion = 48;
	objects = {

/* Begin PBXBuildFile section */
		0B4D5A0F90D1641CD4920E60 /* Pods_Smachat.framework in Frameworks */ = {isa = PBXBuildFile; fileRef = 0A8034E4FC100E3DA2DC5960 /* Pods_Smachat.framework */; };
		68581D702046F19C003ED2A5 /* AppDelegate.swift in Sources */ = {isa = PBXBuildFile; fileRef = 68581D6F2046F19C003ED2A5 /* AppDelegate.swift */; };
		68581D722046F19C003ED2A5 /* ViewController.swift in Sources */ = {isa = PBXBuildFile; fileRef = 68581D712046F19C003ED2A5 /* ViewController.swift */; };
		68581D752046F19C003ED2A5 /* Main.storyboard in Resources */ = {isa = PBXBuildFile; fileRef = 68581D732046F19C003ED2A5 /* Main.storyboard */; };
		68581D772046F19C003ED2A5 /* Assets.xcassets in Resources */ = {isa = PBXBuildFile; fileRef = 68581D762046F19C003ED2A5 /* Assets.xcassets */; };
		68581D7A2046F19C003ED2A5 /* LaunchScreen.storyboard in Resources */ = {isa = PBXBuildFile; fileRef = 68581D782046F19C003ED2A5 /* LaunchScreen.storyboard */; };
		68581D852046F4C0003ED2A5 /* SWRevealViewController.m in Sources */ = {isa = PBXBuildFile; fileRef = 68581D842046F4C0003ED2A5 /* SWRevealViewController.m */; };
		68581D8E2046F955003ED2A5 /* ChatVC.swift in Sources */ = {isa = PBXBuildFile; fileRef = 68581D8D2046F955003ED2A5 /* ChatVC.swift */; };
		68581D902046F965003ED2A5 /* ChannelVC.swift in Sources */ = {isa = PBXBuildFile; fileRef = 68581D8F2046F965003ED2A5 /* ChannelVC.swift */; };
		68581D9220481701003ED2A5 /* GradientView.swift in Sources */ = {isa = PBXBuildFile; fileRef = 68581D9120481701003ED2A5 /* GradientView.swift */; };
		68581D95204826CF003ED2A5 /* Constants.swift in Sources */ = {isa = PBXBuildFile; fileRef = 68581D94204826CF003ED2A5 /* Constants.swift */; };
		68581D9920482D3F003ED2A5 /* loginVC.swift in Sources */ = {isa = PBXBuildFile; fileRef = 68581D9820482D3F003ED2A5 /* loginVC.swift */; };
		68581D9B2048411E003ED2A5 /* signupVC.swift in Sources */ = {isa = PBXBuildFile; fileRef = 68581D9A2048411E003ED2A5 /* signupVC.swift */; };
		68581D9D204B0BBC003ED2A5 /* RoundedButton.swift in Sources */ = {isa = PBXBuildFile; fileRef = 68581D9C204B0BBC003ED2A5 /* RoundedButton.swift */; };
		68581DA0204B3253003ED2A5 /* AuthService.swift in Sources */ = {isa = PBXBuildFile; fileRef = 68581D9F204B3253003ED2A5 /* AuthService.swift */; };
/* End PBXBuildFile section */

/* Begin PBXFileReference section */
		0A8034E4FC100E3DA2DC5960 /* Pods_Smachat.framework */ = {isa = PBXFileReference; explicitFileType = wrapper.framework; includeInIndex = 0; path = Pods_Smachat.framework; sourceTree = BUILT_PRODUCTS_DIR; };
		43F73217A625E2F951DD6AB7 /* Pods-Smachat.release.xcconfig */ = {isa = PBXFileReference; includeInIndex = 1; lastKnownFileType = text.xcconfig; name = "Pods-Smachat.release.xcconfig"; path = "Pods/Target Support Files/Pods-Smachat/Pods-Smachat.release.xcconfig"; sourceTree = "<group>"; };
		68581D6C2046F19C003ED2A5 /* Smachat.app */ = {isa = PBXFileReference; explicitFileType = wrapper.application; includeInIndex = 0; path = Smachat.app; sourceTree = BUILT_PRODUCTS_DIR; };
		68581D6F2046F19C003ED2A5 /* AppDelegate.swift */ = {isa = PBXFileReference; lastKnownFileType = sourcecode.swift; path = AppDelegate.swift; sourceTree = "<group>"; };
		68581D712046F19C003ED2A5 /* ViewController.swift */ = {isa = PBXFileReference; lastKnownFileType = sourcecode.swift; path = ViewController.swift; sourceTree = "<group>"; };
		68581D742046F19C003ED2A5 /* Base */ = {isa = PBXFileReference; lastKnownFileType = file.storyboard; name = Base; path = Base.lproj/Main.storyboard; sourceTree = "<group>"; };
		68581D762046F19C003ED2A5 /* Assets.xcassets */ = {isa = PBXFileReference; lastKnownFileType = folder.assetcatalog; path = Assets.xcassets; sourceTree = "<group>"; };
		68581D792046F19C003ED2A5 /* Base */ = {isa = PBXFileReference; lastKnownFileType = file.storyboard; name = Base; path = Base.lproj/LaunchScreen.storyboard; sourceTree = "<group>"; };
		68581D7B2046F19C003ED2A5 /* Info.plist */ = {isa = PBXFileReference; lastKnownFileType = text.plist.xml; path = Info.plist; sourceTree = "<group>"; };
		68581D822046F4BF003ED2A5 /* Smachat-Bridging-Header.h */ = {isa = PBXFileReference; lastKnownFileType = sourcecode.c.h; path = "Smachat-Bridging-Header.h"; sourceTree = "<group>"; };
		68581D832046F4C0003ED2A5 /* SWRevealViewController.h */ = {isa = PBXFileReference; fileEncoding = 4; lastKnownFileType = sourcecode.c.h; path = SWRevealViewController.h; sourceTree = "<group>"; };
		68581D842046F4C0003ED2A5 /* SWRevealViewController.m */ = {isa = PBXFileReference; fileEncoding = 4; lastKnownFileType = sourcecode.c.objc; path = SWRevealViewController.m; sourceTree = "<group>"; };
		68581D8D2046F955003ED2A5 /* ChatVC.swift */ = {isa = PBXFileReference; lastKnownFileType = sourcecode.swift; path = ChatVC.swift; sourceTree = "<group>"; };
		68581D8F2046F965003ED2A5 /* ChannelVC.swift */ = {isa = PBXFileReference; lastKnownFileType = sourcecode.swift; path = ChannelVC.swift; sourceTree = "<group>"; };
		68581D9120481701003ED2A5 /* GradientView.swift */ = {isa = PBXFileReference; lastKnownFileType = sourcecode.swift; path = GradientView.swift; sourceTree = "<group>"; };
		68581D94204826CF003ED2A5 /* Constants.swift */ = {isa = PBXFileReference; lastKnownFileType = sourcecode.swift; path = Constants.swift; sourceTree = "<group>"; };
		68581D9820482D3F003ED2A5 /* loginVC.swift */ = {isa = PBXFileReference; lastKnownFileType = sourcecode.swift; path = loginVC.swift; sourceTree = "<group>"; };
		68581D9A2048411E003ED2A5 /* signupVC.swift */ = {isa = PBXFileReference; lastKnownFileType = sourcecode.swift; path = signupVC.swift; sourceTree = "<group>"; };
		68581D9C204B0BBC003ED2A5 /* RoundedButton.swift */ = {isa = PBXFileReference; lastKnownFileType = sourcecode.swift; path = RoundedButton.swift; sourceTree = "<group>"; };
		68581D9F204B3253003ED2A5 /* AuthService.swift */ = {isa = PBXFileReference; lastKnownFileType = sourcecode.swift; path = AuthService.swift; sourceTree = "<group>"; };
		D7827B1C234E9D3F28A5EB5E /* Pods-Smachat.debug.xcconfig */ = {isa = PBXFileReference; includeInIndex = 1; lastKnownFileType = text.xcconfig; name = "Pods-Smachat.debug.xcconfig"; path = "Pods/Target Support Files/Pods-Smachat/Pods-Smachat.debug.xcconfig"; sourceTree = "<group>"; };
/* End PBXFileReference section */

/* Begin PBXFrameworksBuildPhase section */
		68581D692046F19C003ED2A5 /* Frameworks */ = {
			isa = PBXFrameworksBuildPhase;
			buildActionMask = 2147483647;
			files = (
				0B4D5A0F90D1641CD4920E60 /* Pods_Smachat.framework in Frameworks */,
			);
			runOnlyForDeploymentPostprocessing = 0;
		};
/* End PBXFrameworksBuildPhase section */

/* Begin PBXGroup section */
		68581D632046F19C003ED2A5 = {
			isa = PBXGroup;
			children = (
				68581D6E2046F19C003ED2A5 /* Smachat */,
				68581D6D2046F19C003ED2A5 /* Products */,
				FC969AE23F837A39408B72A8 /* Pods */,
				6BF35BC5B6BDC2DF79283128 /* Frameworks */,
			);
			sourceTree = "<group>";
		};
		68581D6D2046F19C003ED2A5 /* Products */ = {
			isa = PBXGroup;
			children = (
				68581D6C2046F19C003ED2A5 /* Smachat.app */,
			);
			name = Products;
			sourceTree = "<group>";
		};
		68581D6E2046F19C003ED2A5 /* Smachat */ = {
			isa = PBXGroup;
			children = (
				68581D9E204B109E003ED2A5 /* Services */,
				68581D93204826BB003ED2A5 /* Utilities */,
				68581D862046F861003ED2A5 /* Controller */,
				68581D882046F870003ED2A5 /* Model */,
				68581D872046F86A003ED2A5 /* View */,
				68581D812046F497003ED2A5 /* Supporting Files */,
				68581D762046F19C003ED2A5 /* Assets.xcassets */,
				68581D7B2046F19C003ED2A5 /* Info.plist */,
			);
			path = Smachat;
			sourceTree = "<group>";
		};
		68581D812046F497003ED2A5 /* Supporting Files */ = {
			isa = PBXGroup;
			children = (
				68581D832046F4C0003ED2A5 /* SWRevealViewController.h */,
				68581D842046F4C0003ED2A5 /* SWRevealViewController.m */,
				68581D822046F4BF003ED2A5 /* Smachat-Bridging-Header.h */,
			);
			path = "Supporting Files";
			sourceTree = "<group>";
		};
		68581D862046F861003ED2A5 /* Controller */ = {
			isa = PBXGroup;
			children = (
				68581D6F2046F19C003ED2A5 /* AppDelegate.swift */,
				68581D712046F19C003ED2A5 /* ViewController.swift */,
				68581D8D2046F955003ED2A5 /* ChatVC.swift */,
				68581D8F2046F965003ED2A5 /* ChannelVC.swift */,
				68581D9820482D3F003ED2A5 /* loginVC.swift */,
				68581D9A2048411E003ED2A5 /* signupVC.swift */,
			);
			path = Controller;
			sourceTree = "<group>";
		};
		68581D872046F86A003ED2A5 /* View */ = {
			isa = PBXGroup;
			children = (
				68581D732046F19C003ED2A5 /* Main.storyboard */,
				68581D782046F19C003ED2A5 /* LaunchScreen.storyboard */,
				68581D9120481701003ED2A5 /* GradientView.swift */,
				68581D9C204B0BBC003ED2A5 /* RoundedButton.swift */,
			);
			path = View;
			sourceTree = "<group>";
		};
		68581D882046F870003ED2A5 /* Model */ = {
			isa = PBXGroup;
			children = (
			);
			path = Model;
			sourceTree = "<group>";
		};
		68581D93204826BB003ED2A5 /* Utilities */ = {
			isa = PBXGroup;
			children = (
				68581D94204826CF003ED2A5 /* Constants.swift */,
			);
			path = Utilities;
			sourceTree = "<group>";
		};
		68581D9E204B109E003ED2A5 /* Services */ = {
			isa = PBXGroup;
			children = (
				68581D9F204B3253003ED2A5 /* AuthService.swift */,
			);
			path = Services;
			sourceTree = "<group>";
		};
		6BF35BC5B6BDC2DF79283128 /* Frameworks */ = {
			isa = PBXGroup;
			children = (
				0A8034E4FC100E3DA2DC5960 /* Pods_Smachat.framework */,
			);
			name = Frameworks;
			sourceTree = "<group>";
		};
		FC969AE23F837A39408B72A8 /* Pods */ = {
			isa = PBXGroup;
			children = (
				D7827B1C234E9D3F28A5EB5E /* Pods-Smachat.debug.xcconfig */,
				43F73217A625E2F951DD6AB7 /* Pods-Smachat.release.xcconfig */,
			);
			name = Pods;
			sourceTree = "<group>";
		};
/* End PBXGroup section */

/* Begin PBXNativeTarget section */
		68581D6B2046F19C003ED2A5 /* Smachat */ = {
			isa = PBXNativeTarget;
			buildConfigurationList = 68581D7E2046F19C003ED2A5 /* Build configuration list for PBXNativeTarget "Smachat" */;
			buildPhases = (
				48CF4698160DA8A990B80CC3 /* [CP] Check Pods Manifest.lock */,
				68581D682046F19C003ED2A5 /* Sources */,
				68581D692046F19C003ED2A5 /* Frameworks */,
				68581D6A2046F19C003ED2A5 /* Resources */,
				67FBE77E89D331FCF0D84B3F /* [CP] Embed Pods Frameworks */,
				BEC16DF5F47269FBA35CA624 /* [CP] Copy Pods Resources */,
			);
			buildRules = (
			);
			dependencies = (
			);
			name = Smachat;
			productName = Smachat;
			productReference = 68581D6C2046F19C003ED2A5 /* Smachat.app */;
			productType = "com.apple.product-type.application";
		};
/* End PBXNativeTarget section */

/* Begin PBXProject section */
		68581D642046F19C003ED2A5 /* Project object */ = {
			isa = PBXProject;
			attributes = {
				LastSwiftUpdateCheck = 0920;
				LastUpgradeCheck = 0920;
				ORGANIZATIONNAME = "Wissa Azmy";
				TargetAttributes = {
					68581D6B2046F19C003ED2A5 = {
						CreatedOnToolsVersion = 9.2;
						LastSwiftMigration = 0920;
						ProvisioningStyle = Automatic;
					};
				};
			};
			buildConfigurationList = 68581D672046F19C003ED2A5 /* Build configuration list for PBXProject "Smachat" */;
			compatibilityVersion = "Xcode 8.0";
			developmentRegion = en;
			hasScannedForEncodings = 0;
			knownRegions = (
				en,
				Base,
			);
			mainGroup = 68581D632046F19C003ED2A5;
			productRefGroup = 68581D6D2046F19C003ED2A5 /* Products */;
			projectDirPath = "";
			projectRoot = "";
			targets = (
				68581D6B2046F19C003ED2A5 /* Smachat */,
			);
		};
/* End PBXProject section */

/* Begin PBXResourcesBuildPhase section */
		68581D6A2046F19C003ED2A5 /* Resources */ = {
			isa = PBXResourcesBuildPhase;
			buildActionMask = 2147483647;
			files = (
				68581D7A2046F19C003ED2A5 /* LaunchScreen.storyboard in Resources */,
				68581D772046F19C003ED2A5 /* Assets.xcassets in Resources */,
				68581D752046F19C003ED2A5 /* Main.storyboard in Resources */,
			);
			runOnlyForDeploymentPostprocessing = 0;
		};
/* End PBXResourcesBuildPhase section */

/* Begin PBXShellScriptBuildPhase section */
		48CF4698160DA8A990B80CC3 /* [CP] Check Pods Manifest.lock */ = {
			isa = PBXShellScriptBuildPhase;
			buildActionMask = 2147483647;
			files = (
			);
			inputPaths = (
				"${PODS_PODFILE_DIR_PATH}/Podfile.lock",
				"${PODS_ROOT}/Manifest.lock",
			);
			name = "[CP] Check Pods Manifest.lock";
			outputPaths = (
				"$(DERIVED_FILE_DIR)/Pods-Smachat-checkManifestLockResult.txt",
			);
			runOnlyForDeploymentPostprocessing = 0;
			shellPath = /bin/sh;
			shellScript = "diff \"${PODS_PODFILE_DIR_PATH}/Podfile.lock\" \"${PODS_ROOT}/Manifest.lock\" > /dev/null\nif [ $? != 0 ] ; then\n    # print error to STDERR\n    echo \"error: The sandbox is not in sync with the Podfile.lock. Run 'pod install' or update your CocoaPods installation.\" >&2\n    exit 1\nfi\n# This output is used by Xcode 'outputs' to avoid re-running this script phase.\necho \"SUCCESS\" > \"${SCRIPT_OUTPUT_FILE_0}\"\n";
			showEnvVarsInLog = 0;
		};
		67FBE77E89D331FCF0D84B3F /* [CP] Embed Pods Frameworks */ = {
			isa = PBXShellScriptBuildPhase;
			buildActionMask = 2147483647;
			files = (
			);
			inputPaths = (
				"${SRCROOT}/Pods/Target Support Files/Pods-Smachat/Pods-Smachat-frameworks.sh",
				"${BUILT_PRODUCTS_DIR}/Alamofire/Alamofire.framework",
				"${BUILT_PRODUCTS_DIR}/Socket.IO-Client-Swift/SocketIO.framework",
				"${BUILT_PRODUCTS_DIR}/Starscream/Starscream.framework",
				"${BUILT_PRODUCTS_DIR}/SwiftyJSON/SwiftyJSON.framework",
			);
			name = "[CP] Embed Pods Frameworks";
			outputPaths = (
				"${TARGET_BUILD_DIR}/${FRAMEWORKS_FOLDER_PATH}/Alamofire.framework",
				"${TARGET_BUILD_DIR}/${FRAMEWORKS_FOLDER_PATH}/SocketIO.framework",
				"${TARGET_BUILD_DIR}/${FRAMEWORKS_FOLDER_PATH}/Starscream.framework",
				"${TARGET_BUILD_DIR}/${FRAMEWORKS_FOLDER_PATH}/SwiftyJSON.framework",
			);
			runOnlyForDeploymentPostprocessing = 0;
			shellPath = /bin/sh;
			shellScript = "\"${SRCROOT}/Pods/Target Support Files/Pods-Smachat/Pods-Smachat-frameworks.sh\"\n";
			showEnvVarsInLog = 0;
		};
		BEC16DF5F47269FBA35CA624 /* [CP] Copy Pods Resources */ = {
			isa = PBXShellScriptBuildPhase;
			buildActionMask = 2147483647;
			files = (
			);
			inputPaths = (
			);
			name = "[CP] Copy Pods Resources";
			outputPaths = (
			);
			runOnlyForDeploymentPostprocessing = 0;
			shellPath = /bin/sh;
			shellScript = "\"${SRCROOT}/Pods/Target Support Files/Pods-Smachat/Pods-Smachat-resources.sh\"\n";
			showEnvVarsInLog = 0;
		};
/* End PBXShellScriptBuildPhase section */

/* Begin PBXSourcesBuildPhase section */
		68581D682046F19C003ED2A5 /* Sources */ = {
			isa = PBXSourcesBuildPhase;
			buildActionMask = 2147483647;
			files = (
				68581D8E2046F955003ED2A5 /* ChatVC.swift in Sources */,
				68581D9D204B0BBC003ED2A5 /* RoundedButton.swift in Sources */,
				68581D722046F19C003ED2A5 /* ViewController.swift in Sources */,
				68581D9B2048411E003ED2A5 /* signupVC.swift in Sources */,
				68581D9920482D3F003ED2A5 /* loginVC.swift in Sources */,
				68581DA0204B3253003ED2A5 /* AuthService.swift in Sources */,
				68581D9220481701003ED2A5 /* GradientView.swift in Sources */,
				68581D702046F19C003ED2A5 /* AppDelegate.swift in Sources */,
				68581D95204826CF003ED2A5 /* Constants.swift in Sources */,
				68581D852046F4C0003ED2A5 /* SWRevealViewController.m in Sources */,
				68581D902046F965003ED2A5 /* ChannelVC.swift in Sources */,
			);
			runOnlyForDeploymentPostprocessing = 0;
		};
/* End PBXSourcesBuildPhase section */

/* Begin PBXVariantGroup section */
		68581D732046F19C003ED2A5 /* Main.storyboard */ = {
			isa = PBXVariantGroup;
			children = (
				68581D742046F19C003ED2A5 /* Base */,
			);
			name = Main.storyboard;
			sourceTree = "<group>";
		};
		68581D782046F19C003ED2A5 /* LaunchScreen.storyboard */ = {
			isa = PBXVariantGroup;
			children = (
				68581D792046F19C003ED2A5 /* Base */,
			);
			name = LaunchScreen.storyboard;
			sourceTree = "<group>";
		};
/* End PBXVariantGroup section */

/* Begin XCBuildConfiguration section */
		68581D7C2046F19C003ED2A5 /* Debug */ = {
			isa = XCBuildConfiguration;
			buildSettings = {
				ALWAYS_SEARCH_USER_PATHS = NO;
				CLANG_ANALYZER_NONNULL = YES;
				CLANG_ANALYZER_NUMBER_OBJECT_CONVERSION = YES_AGGRESSIVE;
				CLANG_CXX_LANGUAGE_STANDARD = "gnu++14";
				CLANG_CXX_LIBRARY = "libc++";
				CLANG_ENABLE_MODULES = YES;
				CLANG_ENABLE_OBJC_ARC = YES;
				CLANG_WARN_BLOCK_CAPTURE_AUTORELEASING = YES;
				CLANG_WARN_BOOL_CONVERSION = YES;
				CLANG_WARN_COMMA = YES;
				CLANG_WARN_CONSTANT_CONVERSION = YES;
				CLANG_WARN_DIRECT_OBJC_ISA_USAGE = YES_ERROR;
				CLANG_WARN_DOCUMENTATION_COMMENTS = YES;
				CLANG_WARN_EMPTY_BODY = YES;
				CLANG_WARN_ENUM_CONVERSION = YES;
				CLANG_WARN_INFINITE_RECURSION = YES;
				CLANG_WARN_INT_CONVERSION = YES;
				CLANG_WARN_NON_LITERAL_NULL_CONVERSION = YES;
				CLANG_WARN_OBJC_LITERAL_CONVERSION = YES;
				CLANG_WARN_OBJC_ROOT_CLASS = YES_ERROR;
				CLANG_WARN_RANGE_LOOP_ANALYSIS = YES;
				CLANG_WARN_STRICT_PROTOTYPES = YES;
				CLANG_WARN_SUSPICIOUS_MOVE = YES;
				CLANG_WARN_UNGUARDED_AVAILABILITY = YES_AGGRESSIVE;
				CLANG_WARN_UNREACHABLE_CODE = YES;
				CLANG_WARN__DUPLICATE_METHOD_MATCH = YES;
				CODE_SIGN_IDENTITY = "iPhone Developer";
				COPY_PHASE_STRIP = NO;
				DEBUG_INFORMATION_FORMAT = dwarf;
				ENABLE_STRICT_OBJC_MSGSEND = YES;
				ENABLE_TESTABILITY = YES;
				GCC_C_LANGUAGE_STANDARD = gnu11;
				GCC_DYNAMIC_NO_PIC = NO;
				GCC_NO_COMMON_BLOCKS = YES;
				GCC_OPTIMIZATION_LEVEL = 0;
				GCC_PREPROCESSOR_DEFINITIONS = (
					"DEBUG=1",
					"$(inherited)",
				);
				GCC_WARN_64_TO_32_BIT_CONVERSION = YES;
				GCC_WARN_ABOUT_RETURN_TYPE = YES_ERROR;
				GCC_WARN_UNDECLARED_SELECTOR = YES;
				GCC_WARN_UNINITIALIZED_AUTOS = YES_AGGRESSIVE;
				GCC_WARN_UNUSED_FUNCTION = YES;
				GCC_WARN_UNUSED_VARIABLE = YES;
				IPHONEOS_DEPLOYMENT_TARGET = 11.2;
				MTL_ENABLE_DEBUG_INFO = YES;
				ONLY_ACTIVE_ARCH = YES;
				SDKROOT = iphoneos;
				SWIFT_ACTIVE_COMPILATION_CONDITIONS = DEBUG;
				SWIFT_OPTIMIZATION_LEVEL = "-Onone";
			};
			name = Debug;
		};
		68581D7D2046F19C003ED2A5 /* Release */ = {
			isa = XCBuildConfiguration;
			buildSettings = {
				ALWAYS_SEARCH_USER_PATHS = NO;
				CLANG_ANALYZER_NONNULL = YES;
				CLANG_ANALYZER_NUMBER_OBJECT_CONVERSION = YES_AGGRESSIVE;
				CLANG_CXX_LANGUAGE_STANDARD = "gnu++14";
				CLANG_CXX_LIBRARY = "libc++";
				CLANG_ENABLE_MODULES = YES;
				CLANG_ENABLE_OBJC_ARC = YES;
				CLANG_WARN_BLOCK_CAPTURE_AUTORELEASING = YES;
				CLANG_WARN_BOOL_CONVERSION = YES;
				CLANG_WARN_COMMA = YES;
				CLANG_WARN_CONSTANT_CONVERSION = YES;
				CLANG_WARN_DIRECT_OBJC_ISA_USAGE = YES_ERROR;
				CLANG_WARN_DOCUMENTATION_COMMENTS = YES;
				CLANG_WARN_EMPTY_BODY = YES;
				CLANG_WARN_ENUM_CONVERSION = YES;
				CLANG_WARN_INFINITE_RECURSION = YES;
				CLANG_WARN_INT_CONVERSION = YES;
				CLANG_WARN_NON_LITERAL_NULL_CONVERSION = YES;
				CLANG_WARN_OBJC_LITERAL_CONVERSION = YES;
				CLANG_WARN_OBJC_ROOT_CLASS = YES_ERROR;
				CLANG_WARN_RANGE_LOOP_ANALYSIS = YES;
				CLANG_WARN_STRICT_PROTOTYPES = YES;
				CLANG_WARN_SUSPICIOUS_MOVE = YES;
				CLANG_WARN_UNGUARDED_AVAILABILITY = YES_AGGRESSIVE;
				CLANG_WARN_UNREACHABLE_CODE = YES;
				CLANG_WARN__DUPLICATE_METHOD_MATCH = YES;
				CODE_SIGN_IDENTITY = "iPhone Developer";
				COPY_PHASE_STRIP = NO;
				DEBUG_INFORMATION_FORMAT = "dwarf-with-dsym";
				ENABLE_NS_ASSERTIONS = NO;
				ENABLE_STRICT_OBJC_MSGSEND = YES;
				GCC_C_LANGUAGE_STANDARD = gnu11;
				GCC_NO_COMMON_BLOCKS = YES;
				GCC_WARN_64_TO_32_BIT_CONVERSION = YES;
				GCC_WARN_ABOUT_RETURN_TYPE = YES_ERROR;
				GCC_WARN_UNDECLARED_SELECTOR = YES;
				GCC_WARN_UNINITIALIZED_AUTOS = YES_AGGRESSIVE;
				GCC_WARN_UNUSED_FUNCTION = YES;
				GCC_WARN_UNUSED_VARIABLE = YES;
				IPHONEOS_DEPLOYMENT_TARGET = 11.2;
				MTL_ENABLE_DEBUG_INFO = NO;
				SDKROOT = iphoneos;
				SWIFT_OPTIMIZATION_LEVEL = "-Owholemodule";
				VALIDATE_PRODUCT = YES;
			};
			name = Release;
		};
		68581D7F2046F19C003ED2A5 /* Debug */ = {
			isa = XCBuildConfiguration;
			baseConfigurationReference = D7827B1C234E9D3F28A5EB5E /* Pods-Smachat.debug.xcconfig */;
			buildSettings = {
				ASSETCATALOG_COMPILER_APPICON_NAME = AppIcon;
				CLANG_ENABLE_MODULES = YES;
				CODE_SIGN_STYLE = Automatic;
				DEVELOPMENT_TEAM = Z46VX56LDU;
				INFOPLIST_FILE = Smachat/Info.plist;
				LD_RUNPATH_SEARCH_PATHS = "$(inherited) @executable_path/Frameworks";
				PRODUCT_BUNDLE_IDENTIFIER = "wissa-azmy.Smachat";
				PRODUCT_NAME = "$(TARGET_NAME)";
				SWIFT_OBJC_BRIDGING_HEADER = "Smachat/Supporting Files/Smachat-Bridging-Header.h";
				SWIFT_OPTIMIZATION_LEVEL = "-Onone";
				SWIFT_VERSION = 4.0;
				TARGETED_DEVICE_FAMILY = "1,2";
			};
			name = Debug;
		};
		68581D802046F19C003ED2A5 /* Release */ = {
			isa = XCBuildConfiguration;
			baseConfigurationReference = 43F73217A625E2F951DD6AB7 /* Pods-Smachat.release.xcconfig */;
			buildSettings = {
				ASSETCATALOG_COMPILER_APPICON_NAME = AppIcon;
				CLANG_ENABLE_MODULES = YES;
				CODE_SIGN_STYLE = Automatic;
				DEVELOPMENT_TEAM = Z46VX56LDU;
				INFOPLIST_FILE = Smachat/Info.plist;
				LD_RUNPATH_SEARCH_PATHS = "$(inherited) @executable_path/Frameworks";
				PRODUCT_BUNDLE_IDENTIFIER = "wissa-azmy.Smachat";
				PRODUCT_NAME = "$(TARGET_NAME)";
				SWIFT_OBJC_BRIDGING_HEADER = "Smachat/Supporting Files/Smachat-Bridging-Header.h";
				SWIFT_VERSION = 4.0;
				TARGETED_DEVICE_FAMILY = "1,2";
			};
			name = Release;
		};
/* End XCBuildConfiguration section */

/* Begin XCConfigurationList section */
		68581D672046F19C003ED2A5 /* Build configuration list for PBXProject "Smachat" */ = {
			isa = XCConfigurationList;
			buildConfigurations = (
				68581D7C2046F19C003ED2A5 /* Debug */,
				68581D7D2046F19C003ED2A5 /* Release */,
			);
			defaultConfigurationIsVisible = 0;
			defaultConfigurationName = Release;
		};
		68581D7E2046F19C003ED2A5 /* Build configuration list for PBXNativeTarget "Smachat" */ = {
			isa = XCConfigurationList;
			buildConfigurations = (
				68581D7F2046F19C003ED2A5 /* Debug */,
				68581D802046F19C003ED2A5 /* Release */,
			);
			defaultConfigurationIsVisible = 0;
			defaultConfigurationName = Release;
		};
/* End XCConfigurationList section */
	};
	rootObject = 68581D642046F19C003ED2A5 /* Project object */;
}
